
Microsoft Visual Studio Solution File, Format Version 12.00
# Visual Studio Version 16
VisualStudioVersion = 16.0.31205.134
MinimumVisualStudioVersion = 10.0.40219.1
Project("{888888A0-9F3D-457C-B088-3A5042F75D52}") = "2DImageDeformation", "2DImageDeformation.pyproj", "{D67C22DB-227F-4AB1-92AC-9DB5CB6ACF5E}"
EndProject
Global
	GlobalSection(SolutionConfigurationPlatforms) = preSolution
		Debug|Any CPU = Debug|Any CPU
		Release|Any CPU = Release|Any CPU
	EndGlobalSection
	GlobalSection(ProjectConfigurationPlatforms) = postSolution
		{D67C22DB-227F-4AB1-92AC-9DB5CB6ACF5E}.Debug|Any CPU.ActiveCfg = Debug|Any CPU
		{D67C22DB-227F-4AB1-92AC-9DB5CB6ACF5E}.Release|Any CPU.ActiveCfg = Release|Any CPU
	EndGlobalSection
	GlobalSection(SolutionProperties) = preSolution
		HideSolutionNode = FALSE
	EndGlobalSection
	GlobalSection(ExtensibilityGlobals) = postSolution
		SolutionGuid = {A720ED66-6ACA-4ECD-996F-9D11FC459B70}
	EndGlobalSection
EndGlobal
