
Microsoft Visual Studio Solution File, Format Version 12.00
# Visual Studio Version 16
VisualStudioVersion = 16.0.31005.135
MinimumVisualStudioVersion = 10.0.40219.1
Project("{8BC9CEB8-8B4A-11D0-8D11-00A0C91BC942}") = "HW2", "HW2.vcxproj", "{A84A8895-9C08-43C8-A0FB-ECB493B6E910}"
EndProject
Global
	GlobalSection(SolutionConfigurationPlatforms) = preSolution
		Debug|x64 = Debug|x64
		Debug|x86 = Debug|x86
		Release|x64 = Release|x64
		Release|x86 = Release|x86
	EndGlobalSection
	GlobalSection(ProjectConfigurationPlatforms) = postSolution
		{A84A8895-9C08-43C8-A0FB-ECB493B6E910}.Debug|x64.ActiveCfg = Debug|x64
		{A84A8895-9C08-43C8-A0FB-ECB493B6E910}.Debug|x64.Build.0 = Debug|x64
		{A84A8895-9C08-43C8-A0FB-ECB493B6E910}.Debug|x86.ActiveCfg = Debug|Win32
		{A84A8895-9C08-43C8-A0FB-ECB493B6E910}.Debug|x86.Build.0 = Debug|Win32
		{A84A8895-9C08-43C8-A0FB-ECB493B6E910}.Release|x64.ActiveCfg = Release|x64
		{A84A8895-9C08-43C8-A0FB-ECB493B6E910}.Release|x64.Build.0 = Release|x64
		{A84A8895-9C08-43C8-A0FB-ECB493B6E910}.Release|x86.ActiveCfg = Release|Win32
		{A84A8895-9C08-43C8-A0FB-ECB493B6E910}.Release|x86.Build.0 = Release|Win32
	EndGlobalSection
	GlobalSection(SolutionProperties) = preSolution
		HideSolutionNode = FALSE
	EndGlobalSection
	GlobalSection(ExtensibilityGlobals) = postSolution
		SolutionGuid = {A6883B0F-0F5C-498F-9A7E-4BB551574DC9}
	EndGlobalSection
EndGlobal
