
Microsoft Visual Studio Solution File, Format Version 12.00
# Visual Studio Version 16
VisualStudioVersion = 16.0.31105.61
MinimumVisualStudioVersion = 10.0.40219.1
Project("{8BC9CEB8-8B4A-11D0-8D11-00A0C91BC942}") = "HW3", "HW3.vcxproj", "{A9B323B0-E2AE-4246-875D-611F06B617CD}"
EndProject
Global
	GlobalSection(SolutionConfigurationPlatforms) = preSolution
		Debug|x64 = Debug|x64
		Debug|x86 = Debug|x86
		Release|x64 = Release|x64
		Release|x86 = Release|x86
	EndGlobalSection
	GlobalSection(ProjectConfigurationPlatforms) = postSolution
		{A9B323B0-E2AE-4246-875D-611F06B617CD}.Debug|x64.ActiveCfg = Debug|x64
		{A9B323B0-E2AE-4246-875D-611F06B617CD}.Debug|x64.Build.0 = Debug|x64
		{A9B323B0-E2AE-4246-875D-611F06B617CD}.Debug|x86.ActiveCfg = Debug|Win32
		{A9B323B0-E2AE-4246-875D-611F06B617CD}.Debug|x86.Build.0 = Debug|Win32
		{A9B323B0-E2AE-4246-875D-611F06B617CD}.Release|x64.ActiveCfg = Release|x64
		{A9B323B0-E2AE-4246-875D-611F06B617CD}.Release|x64.Build.0 = Release|x64
		{A9B323B0-E2AE-4246-875D-611F06B617CD}.Release|x86.ActiveCfg = Release|Win32
		{A9B323B0-E2AE-4246-875D-611F06B617CD}.Release|x86.Build.0 = Release|Win32
	EndGlobalSection
	GlobalSection(SolutionProperties) = preSolution
		HideSolutionNode = FALSE
	EndGlobalSection
	GlobalSection(ExtensibilityGlobals) = postSolution
		SolutionGuid = {24AEA2C4-3D32-415C-94BB-D837EC5D1A66}
	EndGlobalSection
EndGlobal
